
Microsoft Visual Studio Solution File, Format Version 12.00
# Visual Studio 2013
VisualStudioVersion = 12.0.21005.1
MinimumVisualStudioVersion = 10.0.40219.1
Project("{FAE04EC0-301F-11D3-BF4B-00C04F79EFBC}") = "Battlelogium.Core", "Battlelogium.Core\Battlelogium.Core.csproj", "{74847B27-2DFA-404B-9BAF-BFDD69604091}"
EndProject
Project("{2150E333-8FDC-42A3-9474-1A3956D46DE8}") = ".nuget", ".nuget", "{F2D67E7A-263E-4857-A216-94B23E2FAF02}"
	ProjectSection(SolutionItems) = preProject
		.nuget\NuGet.Config = .nuget\NuGet.Config
		.nuget\NuGet.exe = .nuget\NuGet.exe
		.nuget\NuGet.targets = .nuget\NuGet.targets
	EndProjectSection
EndProject
Project("{FAE04EC0-301F-11D3-BF4B-00C04F79EFBC}") = "Battlelogium.UI.BF3", "Battlelogium.UI.BF3\Battlelogium.UI.BF3.csproj", "{A6538CAF-C5BF-4BEF-8C01-5E42C94720D9}"
EndProject
Project("{FAE04EC0-301F-11D3-BF4B-00C04F79EFBC}") = "Battlelogium.UI.BF4", "Battlelogium.UI.BF4\Battlelogium.UI.BF4.csproj", "{CF783500-DBAC-4EB7-BD14-DFB70154DD2E}"
EndProject
Project("{2150E333-8FDC-42A3-9474-1A3956D46DE8}") = "Solution Items", "Solution Items", "{176261DD-A2B8-4F9B-B188-1194CF0D931E}"
	ProjectSection(SolutionItems) = preProject
		SharedAssemblyInfo.cs = SharedAssemblyInfo.cs
	EndProjectSection
EndProject
Project("{FAE04EC0-301F-11D3-BF4B-00C04F79EFBC}") = "Battlelogium.ThirdParty.Animator", "Battlelogium.ThirdParty.Animator\Battlelogium.ThirdParty.Animator.csproj", "{FB19B412-DB0A-42C8-9123-4FF3BB2F17E7}"
EndProject
Project("{FAE04EC0-301F-11D3-BF4B-00C04F79EFBC}") = "Battlelogium.ThirdParty.WPFCustomMessageBox", "Battlelogium.ThirdParty.WPFCustomMessageBox\Battlelogium.ThirdParty.WPFCustomMessageBox.csproj", "{0C691505-4DAB-4946-A1BB-1F6C682567EB}"
EndProject
Project("{2150E333-8FDC-42A3-9474-1A3956D46DE8}") = "thirdparty", "thirdparty", "{E6CE58A4-18BC-40CA-8A79-067595E73414}"
EndProject
Project("{FAE04EC0-301F-11D3-BF4B-00C04F79EFBC}") = "Battlelogium.ExecUtils", "Battlelogium.ExecUtils\Battlelogium.ExecUtils.csproj", "{7408D719-41C5-435A-B1C3-58F3437BFEF5}"
EndProject
Project("{FAE04EC0-301F-11D3-BF4B-00C04F79EFBC}") = "Battlelogium.UI.OfflineIndicator", "Battlelogium.UI.OfflineIndicator\Battlelogium.UI.OfflineIndicator.csproj", "{D63A80C4-9A50-47B9-A236-6279EB5CD4A4}"
EndProject
Project("{FAE04EC0-301F-11D3-BF4B-00C04F79EFBC}") = "VCRedistContainer", "VCRedistContainer\VCRedistContainer.csproj", "{37D88743-8BA4-439D-90AF-CEB3F7CF788A}"
EndProject
Project("{FAE04EC0-301F-11D3-BF4B-00C04F79EFBC}") = "Battlelogium.Installer", "Battlelogium.Installer\Battlelogium.Installer.csproj", "{170D7208-617A-43C5-995F-7ED7DC016514}"
EndProject
Project("{FAE04EC0-301F-11D3-BF4B-00C04F79EFBC}") = "Battlelogium.Dist", "Battlelogium.Dist\Battlelogium.Dist.csproj", "{902A04AC-76B2-4858-80E6-2FA2A9FB4645}"
EndProject
Project("{FAE04EC0-301F-11D3-BF4B-00C04F79EFBC}") = "Battlelogium.Utilities", "Battlelogium.Utilities\Battlelogium.Utilities.csproj", "{DF1EBFB7-05C5-42A2-A411-D2C49266C22C}"
EndProject
Project("{FAE04EC0-301F-11D3-BF4B-00C04F79EFBC}") = "Battlelogium.UI.BFH", "Battlelogium.UI.BFH\Battlelogium.UI.BFH.csproj", "{CB10907F-B4CD-4B38-B45D-16EAD38F7F6E}"
EndProject
Project("{FAE04EC0-301F-11D3-BF4B-00C04F79EFBC}") = "Battlelogium.UI.MOHW", "Battlelogium.UI.MOHW\Battlelogium.UI.MOHW.csproj", "{FCC1C348-EE60-4DBB-A3CE-D395E0994D02}"
EndProject
Global
	GlobalSection(SolutionConfigurationPlatforms) = preSolution
		Debug|Any CPU = Debug|Any CPU
		Debug|Mixed Platforms = Debug|Mixed Platforms
		Debug|Win32 = Debug|Win32
		Debug|x64 = Debug|x64
		Debug|x86 = Debug|x86
		Release|Any CPU = Release|Any CPU
		Release|Mixed Platforms = Release|Mixed Platforms
		Release|Win32 = Release|Win32
		Release|x64 = Release|x64
		Release|x86 = Release|x86
	EndGlobalSection
	GlobalSection(ProjectConfigurationPlatforms) = postSolution
		{74847B27-2DFA-404B-9BAF-BFDD69604091}.Debug|Any CPU.ActiveCfg = Debug|Any CPU
		{74847B27-2DFA-404B-9BAF-BFDD69604091}.Debug|Any CPU.Build.0 = Debug|Any CPU
		{74847B27-2DFA-404B-9BAF-BFDD69604091}.Debug|Mixed Platforms.ActiveCfg = Debug|Any CPU
		{74847B27-2DFA-404B-9BAF-BFDD69604091}.Debug|Mixed Platforms.Build.0 = Debug|Any CPU
		{74847B27-2DFA-404B-9BAF-BFDD69604091}.Debug|Win32.ActiveCfg = Debug|Any CPU
		{74847B27-2DFA-404B-9BAF-BFDD69604091}.Debug|x64.ActiveCfg = Debug|Any CPU
		{74847B27-2DFA-404B-9BAF-BFDD69604091}.Debug|x86.ActiveCfg = Debug|Any CPU
		{74847B27-2DFA-404B-9BAF-BFDD69604091}.Debug|x86.Build.0 = Debug|Any CPU
		{74847B27-2DFA-404B-9BAF-BFDD69604091}.Release|Any CPU.ActiveCfg = Release|Any CPU
		{74847B27-2DFA-404B-9BAF-BFDD69604091}.Release|Any CPU.Build.0 = Release|Any CPU
		{74847B27-2DFA-404B-9BAF-BFDD69604091}.Release|Mixed Platforms.ActiveCfg = Release|Any CPU
		{74847B27-2DFA-404B-9BAF-BFDD69604091}.Release|Mixed Platforms.Build.0 = Release|Any CPU
		{74847B27-2DFA-404B-9BAF-BFDD69604091}.Release|Win32.ActiveCfg = Release|Any CPU
		{74847B27-2DFA-404B-9BAF-BFDD69604091}.Release|x64.ActiveCfg = Release|Any CPU
		{74847B27-2DFA-404B-9BAF-BFDD69604091}.Release|x86.ActiveCfg = Release|Any CPU
		{74847B27-2DFA-404B-9BAF-BFDD69604091}.Release|x86.Build.0 = Release|Any CPU
		{A6538CAF-C5BF-4BEF-8C01-5E42C94720D9}.Debug|Any CPU.ActiveCfg = Debug|Any CPU
		{A6538CAF-C5BF-4BEF-8C01-5E42C94720D9}.Debug|Any CPU.Build.0 = Debug|Any CPU
		{A6538CAF-C5BF-4BEF-8C01-5E42C94720D9}.Debug|Mixed Platforms.ActiveCfg = Debug|Any CPU
		{A6538CAF-C5BF-4BEF-8C01-5E42C94720D9}.Debug|Mixed Platforms.Build.0 = Debug|Any CPU
		{A6538CAF-C5BF-4BEF-8C01-5E42C94720D9}.Debug|Win32.ActiveCfg = Debug|Any CPU
		{A6538CAF-C5BF-4BEF-8C01-5E42C94720D9}.Debug|x64.ActiveCfg = Debug|Any CPU
		{A6538CAF-C5BF-4BEF-8C01-5E42C94720D9}.Debug|x86.ActiveCfg = Debug|Any CPU
		{A6538CAF-C5BF-4BEF-8C01-5E42C94720D9}.Debug|x86.Build.0 = Debug|Any CPU
		{A6538CAF-C5BF-4BEF-8C01-5E42C94720D9}.Release|Any CPU.ActiveCfg = Release|Any CPU
		{A6538CAF-C5BF-4BEF-8C01-5E42C94720D9}.Release|Any CPU.Build.0 = Release|Any CPU
		{A6538CAF-C5BF-4BEF-8C01-5E42C94720D9}.Release|Mixed Platforms.ActiveCfg = Release|Any CPU
		{A6538CAF-C5BF-4BEF-8C01-5E42C94720D9}.Release|Mixed Platforms.Build.0 = Release|Any CPU
		{A6538CAF-C5BF-4BEF-8C01-5E42C94720D9}.Release|Win32.ActiveCfg = Release|Any CPU
		{A6538CAF-C5BF-4BEF-8C01-5E42C94720D9}.Release|x64.ActiveCfg = Release|Any CPU
		{A6538CAF-C5BF-4BEF-8C01-5E42C94720D9}.Release|x86.ActiveCfg = Release|Any CPU
		{A6538CAF-C5BF-4BEF-8C01-5E42C94720D9}.Release|x86.Build.0 = Release|Any CPU
		{CF783500-DBAC-4EB7-BD14-DFB70154DD2E}.Debug|Any CPU.ActiveCfg = Debug|Any CPU
		{CF783500-DBAC-4EB7-BD14-DFB70154DD2E}.Debug|Any CPU.Build.0 = Debug|Any CPU
		{CF783500-DBAC-4EB7-BD14-DFB70154DD2E}.Debug|Mixed Platforms.ActiveCfg = Debug|Any CPU
		{CF783500-DBAC-4EB7-BD14-DFB70154DD2E}.Debug|Mixed Platforms.Build.0 = Debug|Any CPU
		{CF783500-DBAC-4EB7-BD14-DFB70154DD2E}.Debug|Win32.ActiveCfg = Debug|Any CPU
		{CF783500-DBAC-4EB7-BD14-DFB70154DD2E}.Debug|x64.ActiveCfg = Debug|Any CPU
		{CF783500-DBAC-4EB7-BD14-DFB70154DD2E}.Debug|x86.ActiveCfg = Debug|Any CPU
		{CF783500-DBAC-4EB7-BD14-DFB70154DD2E}.Debug|x86.Build.0 = Debug|Any CPU
		{CF783500-DBAC-4EB7-BD14-DFB70154DD2E}.Release|Any CPU.ActiveCfg = Release|Any CPU
		{CF783500-DBAC-4EB7-BD14-DFB70154DD2E}.Release|Any CPU.Build.0 = Release|Any CPU
		{CF783500-DBAC-4EB7-BD14-DFB70154DD2E}.Release|Mixed Platforms.ActiveCfg = Release|Any CPU
		{CF783500-DBAC-4EB7-BD14-DFB70154DD2E}.Release|Mixed Platforms.Build.0 = Release|Any CPU
		{CF783500-DBAC-4EB7-BD14-DFB70154DD2E}.Release|Win32.ActiveCfg = Release|Any CPU
		{CF783500-DBAC-4EB7-BD14-DFB70154DD2E}.Release|x64.ActiveCfg = Release|Any CPU
		{CF783500-DBAC-4EB7-BD14-DFB70154DD2E}.Release|x86.ActiveCfg = Release|Any CPU
		{CF783500-DBAC-4EB7-BD14-DFB70154DD2E}.Release|x86.Build.0 = Release|Any CPU
		{FB19B412-DB0A-42C8-9123-4FF3BB2F17E7}.Debug|Any CPU.ActiveCfg = Debug|Any CPU
		{FB19B412-DB0A-42C8-9123-4FF3BB2F17E7}.Debug|Any CPU.Build.0 = Debug|Any CPU
		{FB19B412-DB0A-42C8-9123-4FF3BB2F17E7}.Debug|Mixed Platforms.ActiveCfg = Debug|Any CPU
		{FB19B412-DB0A-42C8-9123-4FF3BB2F17E7}.Debug|Mixed Platforms.Build.0 = Debug|Any CPU
		{FB19B412-DB0A-42C8-9123-4FF3BB2F17E7}.Debug|Win32.ActiveCfg = Debug|Any CPU
		{FB19B412-DB0A-42C8-9123-4FF3BB2F17E7}.Debug|x64.ActiveCfg = Debug|Any CPU
		{FB19B412-DB0A-42C8-9123-4FF3BB2F17E7}.Debug|x86.ActiveCfg = Debug|Any CPU
		{FB19B412-DB0A-42C8-9123-4FF3BB2F17E7}.Debug|x86.Build.0 = Debug|Any CPU
		{FB19B412-DB0A-42C8-9123-4FF3BB2F17E7}.Release|Any CPU.ActiveCfg = Release|Any CPU
		{FB19B412-DB0A-42C8-9123-4FF3BB2F17E7}.Release|Any CPU.Build.0 = Release|Any CPU
		{FB19B412-DB0A-42C8-9123-4FF3BB2F17E7}.Release|Mixed Platforms.ActiveCfg = Release|Any CPU
		{FB19B412-DB0A-42C8-9123-4FF3BB2F17E7}.Release|Mixed Platforms.Build.0 = Release|Any CPU
		{FB19B412-DB0A-42C8-9123-4FF3BB2F17E7}.Release|Win32.ActiveCfg = Release|Any CPU
		{FB19B412-DB0A-42C8-9123-4FF3BB2F17E7}.Release|x64.ActiveCfg = Release|Any CPU
		{FB19B412-DB0A-42C8-9123-4FF3BB2F17E7}.Release|x86.ActiveCfg = Release|Any CPU
		{FB19B412-DB0A-42C8-9123-4FF3BB2F17E7}.Release|x86.Build.0 = Release|Any CPU
		{0C691505-4DAB-4946-A1BB-1F6C682567EB}.Debug|Any CPU.ActiveCfg = Debug|Any CPU
		{0C691505-4DAB-4946-A1BB-1F6C682567EB}.Debug|Any CPU.Build.0 = Debug|Any CPU
		{0C691505-4DAB-4946-A1BB-1F6C682567EB}.Debug|Mixed Platforms.ActiveCfg = Debug|Any CPU
		{0C691505-4DAB-4946-A1BB-1F6C682567EB}.Debug|Mixed Platforms.Build.0 = Debug|Any CPU
		{0C691505-4DAB-4946-A1BB-1F6C682567EB}.Debug|Win32.ActiveCfg = Debug|Any CPU
		{0C691505-4DAB-4946-A1BB-1F6C682567EB}.Debug|x64.ActiveCfg = Debug|Any CPU
		{0C691505-4DAB-4946-A1BB-1F6C682567EB}.Debug|x86.ActiveCfg = Debug|Any CPU
		{0C691505-4DAB-4946-A1BB-1F6C682567EB}.Debug|x86.Build.0 = Debug|Any CPU
		{0C691505-4DAB-4946-A1BB-1F6C682567EB}.Release|Any CPU.ActiveCfg = Release|Any CPU
		{0C691505-4DAB-4946-A1BB-1F6C682567EB}.Release|Any CPU.Build.0 = Release|Any CPU
		{0C691505-4DAB-4946-A1BB-1F6C682567EB}.Release|Mixed Platforms.ActiveCfg = Release|Any CPU
		{0C691505-4DAB-4946-A1BB-1F6C682567EB}.Release|Mixed Platforms.Build.0 = Release|Any CPU
		{0C691505-4DAB-4946-A1BB-1F6C682567EB}.Release|Win32.ActiveCfg = Release|Any CPU
		{0C691505-4DAB-4946-A1BB-1F6C682567EB}.Release|x64.ActiveCfg = Release|Any CPU
		{0C691505-4DAB-4946-A1BB-1F6C682567EB}.Release|x86.ActiveCfg = Release|Any CPU
		{0C691505-4DAB-4946-A1BB-1F6C682567EB}.Release|x86.Build.0 = Release|Any CPU
		{7408D719-41C5-435A-B1C3-58F3437BFEF5}.Debug|Any CPU.ActiveCfg = Debug|Any CPU
		{7408D719-41C5-435A-B1C3-58F3437BFEF5}.Debug|Any CPU.Build.0 = Debug|Any CPU
		{7408D719-41C5-435A-B1C3-58F3437BFEF5}.Debug|Mixed Platforms.ActiveCfg = Debug|Any CPU
		{7408D719-41C5-435A-B1C3-58F3437BFEF5}.Debug|Mixed Platforms.Build.0 = Debug|Any CPU
		{7408D719-41C5-435A-B1C3-58F3437BFEF5}.Debug|Win32.ActiveCfg = Debug|Any CPU
		{7408D719-41C5-435A-B1C3-58F3437BFEF5}.Debug|x64.ActiveCfg = Debug|Any CPU
		{7408D719-41C5-435A-B1C3-58F3437BFEF5}.Debug|x86.ActiveCfg = Debug|Any CPU
		{7408D719-41C5-435A-B1C3-58F3437BFEF5}.Debug|x86.Build.0 = Debug|Any CPU
		{7408D719-41C5-435A-B1C3-58F3437BFEF5}.Release|Any CPU.ActiveCfg = Release|Any CPU
		{7408D719-41C5-435A-B1C3-58F3437BFEF5}.Release|Any CPU.Build.0 = Release|Any CPU
		{7408D719-41C5-435A-B1C3-58F3437BFEF5}.Release|Mixed Platforms.ActiveCfg = Release|Any CPU
		{7408D719-41C5-435A-B1C3-58F3437BFEF5}.Release|Mixed Platforms.Build.0 = Release|Any CPU
		{7408D719-41C5-435A-B1C3-58F3437BFEF5}.Release|Win32.ActiveCfg = Release|Any CPU
		{7408D719-41C5-435A-B1C3-58F3437BFEF5}.Release|x64.ActiveCfg = Release|Any CPU
		{7408D719-41C5-435A-B1C3-58F3437BFEF5}.Release|x86.ActiveCfg = Release|Any CPU
		{7408D719-41C5-435A-B1C3-58F3437BFEF5}.Release|x86.Build.0 = Release|Any CPU
		{D63A80C4-9A50-47B9-A236-6279EB5CD4A4}.Debug|Any CPU.ActiveCfg = Debug|Any CPU
		{D63A80C4-9A50-47B9-A236-6279EB5CD4A4}.Debug|Any CPU.Build.0 = Debug|Any CPU
		{D63A80C4-9A50-47B9-A236-6279EB5CD4A4}.Debug|Mixed Platforms.ActiveCfg = Debug|Any CPU
		{D63A80C4-9A50-47B9-A236-6279EB5CD4A4}.Debug|Mixed Platforms.Build.0 = Debug|Any CPU
		{D63A80C4-9A50-47B9-A236-6279EB5CD4A4}.Debug|Win32.ActiveCfg = Debug|Any CPU
		{D63A80C4-9A50-47B9-A236-6279EB5CD4A4}.Debug|x64.ActiveCfg = Debug|Any CPU
		{D63A80C4-9A50-47B9-A236-6279EB5CD4A4}.Debug|x86.ActiveCfg = Debug|Any CPU
		{D63A80C4-9A50-47B9-A236-6279EB5CD4A4}.Debug|x86.Build.0 = Debug|Any CPU
		{D63A80C4-9A50-47B9-A236-6279EB5CD4A4}.Release|Any CPU.ActiveCfg = Release|Any CPU
		{D63A80C4-9A50-47B9-A236-6279EB5CD4A4}.Release|Any CPU.Build.0 = Release|Any CPU
		{D63A80C4-9A50-47B9-A236-6279EB5CD4A4}.Release|Mixed Platforms.ActiveCfg = Release|Any CPU
		{D63A80C4-9A50-47B9-A236-6279EB5CD4A4}.Release|Mixed Platforms.Build.0 = Release|Any CPU
		{D63A80C4-9A50-47B9-A236-6279EB5CD4A4}.Release|Win32.ActiveCfg = Release|Any CPU
		{D63A80C4-9A50-47B9-A236-6279EB5CD4A4}.Release|x64.ActiveCfg = Release|Any CPU
		{D63A80C4-9A50-47B9-A236-6279EB5CD4A4}.Release|x86.ActiveCfg = Release|Any CPU
		{D63A80C4-9A50-47B9-A236-6279EB5CD4A4}.Release|x86.Build.0 = Release|Any CPU
		{37D88743-8BA4-439D-90AF-CEB3F7CF788A}.Debug|Any CPU.ActiveCfg = Debug|Any CPU
		{37D88743-8BA4-439D-90AF-CEB3F7CF788A}.Debug|Any CPU.Build.0 = Debug|Any CPU
		{37D88743-8BA4-439D-90AF-CEB3F7CF788A}.Debug|Mixed Platforms.ActiveCfg = Debug|Any CPU
		{37D88743-8BA4-439D-90AF-CEB3F7CF788A}.Debug|Mixed Platforms.Build.0 = Debug|Any CPU
		{37D88743-8BA4-439D-90AF-CEB3F7CF788A}.Debug|Win32.ActiveCfg = Debug|Any CPU
		{37D88743-8BA4-439D-90AF-CEB3F7CF788A}.Debug|x64.ActiveCfg = Debug|Any CPU
		{37D88743-8BA4-439D-90AF-CEB3F7CF788A}.Debug|x86.ActiveCfg = Debug|Any CPU
		{37D88743-8BA4-439D-90AF-CEB3F7CF788A}.Debug|x86.Build.0 = Debug|Any CPU
		{37D88743-8BA4-439D-90AF-CEB3F7CF788A}.Release|Any CPU.ActiveCfg = Release|Any CPU
		{37D88743-8BA4-439D-90AF-CEB3F7CF788A}.Release|Any CPU.Build.0 = Release|Any CPU
		{37D88743-8BA4-439D-90AF-CEB3F7CF788A}.Release|Mixed Platforms.ActiveCfg = Release|Any CPU
		{37D88743-8BA4-439D-90AF-CEB3F7CF788A}.Release|Mixed Platforms.Build.0 = Release|Any CPU
		{37D88743-8BA4-439D-90AF-CEB3F7CF788A}.Release|Win32.ActiveCfg = Release|Any CPU
		{37D88743-8BA4-439D-90AF-CEB3F7CF788A}.Release|x64.ActiveCfg = Release|Any CPU
		{37D88743-8BA4-439D-90AF-CEB3F7CF788A}.Release|x86.ActiveCfg = Release|Any CPU
		{37D88743-8BA4-439D-90AF-CEB3F7CF788A}.Release|x86.Build.0 = Release|Any CPU
		{170D7208-617A-43C5-995F-7ED7DC016514}.Debug|Any CPU.ActiveCfg = Debug|Any CPU
		{170D7208-617A-43C5-995F-7ED7DC016514}.Debug|Any CPU.Build.0 = Debug|Any CPU
		{170D7208-617A-43C5-995F-7ED7DC016514}.Debug|Mixed Platforms.ActiveCfg = Debug|Any CPU
		{170D7208-617A-43C5-995F-7ED7DC016514}.Debug|Mixed Platforms.Build.0 = Debug|Any CPU
		{170D7208-617A-43C5-995F-7ED7DC016514}.Debug|Win32.ActiveCfg = Debug|Any CPU
		{170D7208-617A-43C5-995F-7ED7DC016514}.Debug|x64.ActiveCfg = Debug|Any CPU
		{170D7208-617A-43C5-995F-7ED7DC016514}.Debug|x86.ActiveCfg = Debug|Any CPU
		{170D7208-617A-43C5-995F-7ED7DC016514}.Debug|x86.Build.0 = Debug|Any CPU
		{170D7208-617A-43C5-995F-7ED7DC016514}.Release|Any CPU.ActiveCfg = Release|Any CPU
		{170D7208-617A-43C5-995F-7ED7DC016514}.Release|Any CPU.Build.0 = Release|Any CPU
		{170D7208-617A-43C5-995F-7ED7DC016514}.Release|Mixed Platforms.ActiveCfg = Release|Any CPU
		{170D7208-617A-43C5-995F-7ED7DC016514}.Release|Mixed Platforms.Build.0 = Release|Any CPU
		{170D7208-617A-43C5-995F-7ED7DC016514}.Release|Win32.ActiveCfg = Release|Any CPU
		{170D7208-617A-43C5-995F-7ED7DC016514}.Release|x64.ActiveCfg = Release|Any CPU
		{170D7208-617A-43C5-995F-7ED7DC016514}.Release|x86.ActiveCfg = Release|Any CPU
		{170D7208-617A-43C5-995F-7ED7DC016514}.Release|x86.Build.0 = Release|Any CPU
		{902A04AC-76B2-4858-80E6-2FA2A9FB4645}.Debug|Any CPU.ActiveCfg = Debug|Any CPU
		{902A04AC-76B2-4858-80E6-2FA2A9FB4645}.Debug|Any CPU.Build.0 = Debug|Any CPU
		{902A04AC-76B2-4858-80E6-2FA2A9FB4645}.Debug|Mixed Platforms.ActiveCfg = Debug|Any CPU
		{902A04AC-76B2-4858-80E6-2FA2A9FB4645}.Debug|Mixed Platforms.Build.0 = Debug|Any CPU
		{902A04AC-76B2-4858-80E6-2FA2A9FB4645}.Debug|Win32.ActiveCfg = Debug|Any CPU
		{902A04AC-76B2-4858-80E6-2FA2A9FB4645}.Debug|x64.ActiveCfg = Debug|Any CPU
		{902A04AC-76B2-4858-80E6-2FA2A9FB4645}.Debug|x86.ActiveCfg = Debug|Any CPU
		{902A04AC-76B2-4858-80E6-2FA2A9FB4645}.Debug|x86.Build.0 = Debug|Any CPU
		{902A04AC-76B2-4858-80E6-2FA2A9FB4645}.Release|Any CPU.ActiveCfg = Release|Any CPU
		{902A04AC-76B2-4858-80E6-2FA2A9FB4645}.Release|Any CPU.Build.0 = Release|Any CPU
		{902A04AC-76B2-4858-80E6-2FA2A9FB4645}.Release|Mixed Platforms.ActiveCfg = Release|Any CPU
		{902A04AC-76B2-4858-80E6-2FA2A9FB4645}.Release|Mixed Platforms.Build.0 = Release|Any CPU
		{902A04AC-76B2-4858-80E6-2FA2A9FB4645}.Release|Win32.ActiveCfg = Release|Any CPU
		{902A04AC-76B2-4858-80E6-2FA2A9FB4645}.Release|x64.ActiveCfg = Release|Any CPU
		{902A04AC-76B2-4858-80E6-2FA2A9FB4645}.Release|x86.ActiveCfg = Release|Any CPU
		{902A04AC-76B2-4858-80E6-2FA2A9FB4645}.Release|x86.Build.0 = Release|Any CPU
		{DF1EBFB7-05C5-42A2-A411-D2C49266C22C}.Debug|Any CPU.ActiveCfg = Debug|Any CPU
		{DF1EBFB7-05C5-42A2-A411-D2C49266C22C}.Debug|Any CPU.Build.0 = Debug|Any CPU
		{DF1EBFB7-05C5-42A2-A411-D2C49266C22C}.Debug|Mixed Platforms.ActiveCfg = Debug|Any CPU
		{DF1EBFB7-05C5-42A2-A411-D2C49266C22C}.Debug|Mixed Platforms.Build.0 = Debug|Any CPU
		{DF1EBFB7-05C5-42A2-A411-D2C49266C22C}.Debug|Win32.ActiveCfg = Debug|Any CPU
		{DF1EBFB7-05C5-42A2-A411-D2C49266C22C}.Debug|x64.ActiveCfg = Debug|Any CPU
		{DF1EBFB7-05C5-42A2-A411-D2C49266C22C}.Debug|x86.ActiveCfg = Debug|Any CPU
		{DF1EBFB7-05C5-42A2-A411-D2C49266C22C}.Debug|x86.Build.0 = Debug|Any CPU
		{DF1EBFB7-05C5-42A2-A411-D2C49266C22C}.Release|Any CPU.ActiveCfg = Release|Any CPU
		{DF1EBFB7-05C5-42A2-A411-D2C49266C22C}.Release|Any CPU.Build.0 = Release|Any CPU
		{DF1EBFB7-05C5-42A2-A411-D2C49266C22C}.Release|Mixed Platforms.ActiveCfg = Release|Any CPU
		{DF1EBFB7-05C5-42A2-A411-D2C49266C22C}.Release|Mixed Platforms.Build.0 = Release|Any CPU
		{DF1EBFB7-05C5-42A2-A411-D2C49266C22C}.Release|Win32.ActiveCfg = Release|Any CPU
		{DF1EBFB7-05C5-42A2-A411-D2C49266C22C}.Release|x64.ActiveCfg = Release|Any CPU
		{DF1EBFB7-05C5-42A2-A411-D2C49266C22C}.Release|x86.ActiveCfg = Release|Any CPU
		{DF1EBFB7-05C5-42A2-A411-D2C49266C22C}.Release|x86.Build.0 = Release|Any CPU
		{CB10907F-B4CD-4B38-B45D-16EAD38F7F6E}.Debug|Any CPU.ActiveCfg = Debug|Any CPU
		{CB10907F-B4CD-4B38-B45D-16EAD38F7F6E}.Debug|Any CPU.Build.0 = Debug|Any CPU
		{CB10907F-B4CD-4B38-B45D-16EAD38F7F6E}.Debug|Mixed Platforms.ActiveCfg = Debug|Any CPU
		{CB10907F-B4CD-4B38-B45D-16EAD38F7F6E}.Debug|Mixed Platforms.Build.0 = Debug|Any CPU
		{CB10907F-B4CD-4B38-B45D-16EAD38F7F6E}.Debug|Win32.ActiveCfg = Debug|Any CPU
		{CB10907F-B4CD-4B38-B45D-16EAD38F7F6E}.Debug|x64.ActiveCfg = Debug|Any CPU
		{CB10907F-B4CD-4B38-B45D-16EAD38F7F6E}.Debug|x86.ActiveCfg = Debug|Any CPU
		{CB10907F-B4CD-4B38-B45D-16EAD38F7F6E}.Debug|x86.Build.0 = Debug|Any CPU
		{CB10907F-B4CD-4B38-B45D-16EAD38F7F6E}.Release|Any CPU.ActiveCfg = Release|Any CPU
		{CB10907F-B4CD-4B38-B45D-16EAD38F7F6E}.Release|Any CPU.Build.0 = Release|Any CPU
		{CB10907F-B4CD-4B38-B45D-16EAD38F7F6E}.Release|Mixed Platforms.ActiveCfg = Release|Any CPU
		{CB10907F-B4CD-4B38-B45D-16EAD38F7F6E}.Release|Mixed Platforms.Build.0 = Release|Any CPU
		{CB10907F-B4CD-4B38-B45D-16EAD38F7F6E}.Release|Win32.ActiveCfg = Release|Any CPU
		{CB10907F-B4CD-4B38-B45D-16EAD38F7F6E}.Release|x64.ActiveCfg = Release|Any CPU
		{CB10907F-B4CD-4B38-B45D-16EAD38F7F6E}.Release|x86.ActiveCfg = Release|Any CPU
		{CB10907F-B4CD-4B38-B45D-16EAD38F7F6E}.Release|x86.Build.0 = Release|Any CPU
		{FCC1C348-EE60-4DBB-A3CE-D395E0994D02}.Debug|Any CPU.ActiveCfg = Debug|Any CPU
		{FCC1C348-EE60-4DBB-A3CE-D395E0994D02}.Debug|Any CPU.Build.0 = Debug|Any CPU
		{FCC1C348-EE60-4DBB-A3CE-D395E0994D02}.Debug|Mixed Platforms.ActiveCfg = Debug|Any CPU
		{FCC1C348-EE60-4DBB-A3CE-D395E0994D02}.Debug|Mixed Platforms.Build.0 = Debug|Any CPU
		{FCC1C348-EE60-4DBB-A3CE-D395E0994D02}.Debug|Win32.ActiveCfg = Debug|Any CPU
		{FCC1C348-EE60-4DBB-A3CE-D395E0994D02}.Debug|x64.ActiveCfg = Debug|Any CPU
		{FCC1C348-EE60-4DBB-A3CE-D395E0994D02}.Debug|x86.ActiveCfg = Debug|Any CPU
		{FCC1C348-EE60-4DBB-A3CE-D395E0994D02}.Debug|x86.Build.0 = Debug|Any CPU
		{FCC1C348-EE60-4DBB-A3CE-D395E0994D02}.Release|Any CPU.ActiveCfg = Release|Any CPU
		{FCC1C348-EE60-4DBB-A3CE-D395E0994D02}.Release|Any CPU.Build.0 = Release|Any CPU
		{FCC1C348-EE60-4DBB-A3CE-D395E0994D02}.Release|Mixed Platforms.ActiveCfg = Release|Any CPU
		{FCC1C348-EE60-4DBB-A3CE-D395E0994D02}.Release|Mixed Platforms.Build.0 = Release|Any CPU
		{FCC1C348-EE60-4DBB-A3CE-D395E0994D02}.Release|Win32.ActiveCfg = Release|Any CPU
		{FCC1C348-EE60-4DBB-A3CE-D395E0994D02}.Release|x64.ActiveCfg = Release|Any CPU
		{FCC1C348-EE60-4DBB-A3CE-D395E0994D02}.Release|x86.ActiveCfg = Release|Any CPU
		{FCC1C348-EE60-4DBB-A3CE-D395E0994D02}.Release|x86.Build.0 = Release|Any CPU
	EndGlobalSection
	GlobalSection(SolutionProperties) = preSolution
		HideSolutionNode = FALSE
	EndGlobalSection
	GlobalSection(NestedProjects) = preSolution
		{0C691505-4DAB-4946-A1BB-1F6C682567EB} = {E6CE58A4-18BC-40CA-8A79-067595E73414}
		{FB19B412-DB0A-42C8-9123-4FF3BB2F17E7} = {E6CE58A4-18BC-40CA-8A79-067595E73414}
		{37D88743-8BA4-439D-90AF-CEB3F7CF788A} = {E6CE58A4-18BC-40CA-8A79-067595E73414}
	EndGlobalSection
EndGlobal
